speakeasyVersion: 1.725.0
sources:
    Workflows API:
        sourceNamespace: workflows-api
        sourceRevisionDigest: sha256:b19547de396250d6fc63a6b06ea72c9e7c6df6beefb40c86b9d0d209c6a9dcf1
        sourceBlobDigest: sha256:6153e8405000f76ed4dc4f4bd66fcab673d2928a65a2f2855ae0498aa5935ec9
        tags:
            - latest
            - speakeasy-sdk-regen-1765244806
            - v1
    ttd-workflows-OAS:
        sourceNamespace: workflows-api
        sourceRevisionDigest: sha256:72a69861830d48e8ed68add0cc6298263fedefd6867a9ec5b5e5dbc2eaefbc5d
        sourceBlobDigest: sha256:e1f942cc4a809a6a8094348f0e76de995d053a7bc509d0d38942781b56a4c8fb
        tags:
            - latest
targets:
    ttd-workflows:
        source: Workflows API
        sourceNamespace: workflows-api
        sourceRevisionDigest: sha256:b19547de396250d6fc63a6b06ea72c9e7c6df6beefb40c86b9d0d209c6a9dcf1
        sourceBlobDigest: sha256:6153e8405000f76ed4dc4f4bd66fcab673d2928a65a2f2855ae0498aa5935ec9
        codeSamplesNamespace: workflows-api-go-code-samples
        codeSamplesRevisionDigest: sha256:d1a5756cea73cc2ec16b14128779a2acb63d29e1cbc97d5381e0c5a628c47030
workflow:
    workflowVersion: 1.0.0
    speakeasyVersion: latest
    sources:
        Workflows API:
            inputs:
                - location: https://api.thetradedesk.com/workflows/swagger/v1/swagger.yaml
                  authHeader: TTD-Auth
                  authSecret: $openapi_doc_auth_token
            overlays:
                - location: .speakeasy/speakeasy-modifications-overlay.yaml
                - location: https://raw.githubusercontent.com/thetradedesk/ttd-workflows-config/refs/heads/main/overlays/speakeasy-config-overlay.yaml
                - location: https://raw.githubusercontent.com/thetradedesk/ttd-workflows-config/refs/heads/main/overlays/api-spec-overlay.yaml
            registry:
                location: registry.speakeasyapi.dev/thetradedesk/workflows/workflows-api
    targets:
        ttd-workflows:
            target: go
            source: Workflows API
            codeSamples:
                registry:
                    location: registry.speakeasyapi.dev/thetradedesk/workflows/workflows-api-go-code-samples
                labelOverride:
                    fixedValue: Go (SDK)
                blocking: false
