speakeasyVersion: 1.590.0
sources:
    Workflows API:
        sourceNamespace: workflows-api
        sourceRevisionDigest: sha256:73c9908424ab75ad09663ea3ae6e3c0296a4bd86ad0199b384ccfc87bdc24b31
        sourceBlobDigest: sha256:277663a829a2569fbc7158da85b5625c8406020e705d9f7e0a81e2389867a6a5
        tags:
            - latest
            - speakeasy-sdk-regen-1753322038
            - v1
    ttd-workflows-OAS:
        sourceNamespace: workflows-api
        sourceRevisionDigest: sha256:72a69861830d48e8ed68add0cc6298263fedefd6867a9ec5b5e5dbc2eaefbc5d
        sourceBlobDigest: sha256:e1f942cc4a809a6a8094348f0e76de995d053a7bc509d0d38942781b56a4c8fb
        tags:
            - latest
targets:
    ttd-workflows:
        source: Workflows API
        sourceNamespace: workflows-api
        sourceRevisionDigest: sha256:73c9908424ab75ad09663ea3ae6e3c0296a4bd86ad0199b384ccfc87bdc24b31
        sourceBlobDigest: sha256:277663a829a2569fbc7158da85b5625c8406020e705d9f7e0a81e2389867a6a5
        codeSamplesNamespace: workflows-api-go-code-samples
        codeSamplesRevisionDigest: sha256:7329f9a4718f200443c6a10704179d6067d0168223b35a5e402f7bd3475c24c3
workflow:
    workflowVersion: 1.0.0
    speakeasyVersion: latest
    sources:
        Workflows API:
            inputs:
                - location: https://api.thetradedesk.com/workflows/swagger/v1/swagger.yaml
                  authHeader: TTD-Auth
                  authSecret: $openapi_doc_auth_token
            overlays:
                - location: .speakeasy/speakeasy-modifications-overlay.yaml
                - location: .speakeasy/speakeasy-config-overlay.yaml
                - location: .speakeasy/api-spec-overlay.yaml
            registry:
                location: registry.speakeasyapi.dev/thetradedesk/workflows/workflows-api
    targets:
        ttd-workflows:
            target: go
            source: Workflows API
            codeSamples:
                registry:
                    location: registry.speakeasyapi.dev/thetradedesk/workflows/workflows-api-go-code-samples
                labelOverride:
                    fixedValue: Go (SDK)
                blocking: false
